// !$*UTF8*$!
{
	archiveVersion = 1;
	classes = {
	};
	objectVersion = 46;
	objects = {

/* Begin PBXBuildFile section */
		EACA89CF14A27B1700CC3F6B /* main.cpp in Sources */ = {isa = PBXBuildFile; fileRef = EACA89CE14A27B1700CC3F6B /* main.cpp */; };
		EACA89D114A27B1700CC3F6B /* Exercise4.1 in CopyFiles */ = {isa = PBXBuildFile; fileRef = EACA89D014A27B1700CC3F6B /* Exercise4.1 */; };
/* End PBXBuildFile section */

/* Begin PBXCopyFilesBuildPhase section */
		EACA89C814A27B1700CC3F6B /* CopyFiles */ = {
			isa = PBXCopyFilesBuildPhase;
			buildActionMask = 2147483647;
			dstPath = /usr/share/man/man1/;
			dstSubfolderSpec = 0;
			files = (
				EACA89D114A27B1700CC3F6B /* Exercise4.1 in CopyFiles */,
			);
			runOnlyForDeploymentPostprocessing = 1;
		};
/* End PBXCopyFilesBuildPhase section */

/* Begin PBXFileReference section */
		EACA89CA14A27B1700CC3F6B /* Exercise4 */ = {isa = PBXFileReference; explicitFileType = "compiled.mach-o.executable"; includeInIndex = 0; path = Exercise4; sourceTree = BUILT_PRODUCTS_DIR; };
		EACA89CE14A27B1700CC3F6B /* main.cpp */ = {isa = PBXFileReference; lastKnownFileType = sourcecode.cpp.cpp; path = main.cpp; sourceTree = "<group>"; };
		EACA89D014A27B1700CC3F6B /* Exercise4.1 */ = {isa = PBXFileReference; lastKnownFileType = text.man; path = Exercise4.1; sourceTree = "<group>"; };
/* End PBXFileReference section */

/* Begin PBXFrameworksBuildPhase section */
		EACA89C714A27B1700CC3F6B /* Frameworks */ = {
			isa = PBXFrameworksBuildPhase;
			buildActionMask = 2147483647;
			files = (
			);
			runOnlyForDeploymentPostprocessing = 0;
		};
/* End PBXFrameworksBuildPhase section */

/* Begin PBXGroup section */
		EACA89BF14A27B1700CC3F6B = {
			isa = PBXGroup;
			children = (
				EACA89CD14A27B1700CC3F6B /* Exercise4 */,
				EACA89CB14A27B1700CC3F6B /* Products */,
			);
			sourceTree = "<group>";
		};
		EACA89CB14A27B1700CC3F6B /* Products */ = {
			isa = PBXGroup;
			children = (
				EACA89CA14A27B1700CC3F6B /* Exercise4 */,
			);
			name = Products;
			sourceTree = "<group>";
		};
		EACA89CD14A27B1700CC3F6B /* Exercise4 */ = {
			isa = PBXGroup;
			children = (
				EACA89CE14A27B1700CC3F6B /* main.cpp */,
				EACA89D014A27B1700CC3F6B /* Exercise4.1 */,
			);
			path = Exercise4;
			sourceTree = "<group>";
		};
/* End PBXGroup section */

/* Begin PBXNativeTarget section */
		EACA89C914A27B1700CC3F6B /* Exercise4 */ = {
			isa = PBXNativeTarget;
			buildConfigurationList = EACA89D414A27B1700CC3F6B /* Build configuration list for PBXNativeTarget "Exercise4" */;
			buildPhases = (
				EACA89C614A27B1700CC3F6B /* Sources */,
				EACA89C714A27B1700CC3F6B /* Frameworks */,
				EACA89C814A27B1700CC3F6B /* CopyFiles */,
			);
			buildRules = (
			);
			dependencies = (
			);
			name = Exercise4;
			productName = Exercise4;
			productReference = EACA89CA14A27B1700CC3F6B /* Exercise4 */;
			productType = "com.apple.product-type.tool";
		};
/* End PBXNativeTarget section */

/* Begin PBXProject section */
		EACA89C114A27B1700CC3F6B /* Project object */ = {
			isa = PBXProject;
			attributes = {
				LastUpgradeCheck = 0420;
			};
			buildConfigurationList = EACA89C414A27B1700CC3F6B /* Build configuration list for PBXProject "Exercise4" */;
			compatibilityVersion = "Xcode 3.2";
			developmentRegion = English;
			hasScannedForEncodings = 0;
			knownRegions = (
				en,
			);
			mainGroup = EACA89BF14A27B1700CC3F6B;
			productRefGroup = EACA89CB14A27B1700CC3F6B /* Products */;
			projectDirPath = "";
			projectRoot = "";
			targets = (
				EACA89C914A27B1700CC3F6B /* Exercise4 */,
			);
		};
/* End PBXProject section */

/* Begin PBXSourcesBuildPhase section */
		EACA89C614A27B1700CC3F6B /* Sources */ = {
			isa = PBXSourcesBuildPhase;
			buildActionMask = 2147483647;
			files = (
				EACA89CF14A27B1700CC3F6B /* main.cpp in Sources */,
			);
			runOnlyForDeploymentPostprocessing = 0;
		};
/* End PBXSourcesBuildPhase section */

/* Begin XCBuildConfiguration section */
		EACA89D214A27B1700CC3F6B /* Debug */ = {
			isa = XCBuildConfiguration;
			buildSettings = {
				ALWAYS_SEARCH_USER_PATHS = NO;
				ARCHS = "$(ARCHS_STANDARD_64_BIT)";
				CLANG_ENABLE_OBJC_ARC = YES;
				COPY_PHASE_STRIP = NO;
				GCC_C_LANGUAGE_STANDARD = gnu99;
				GCC_DYNAMIC_NO_PIC = NO;
				GCC_ENABLE_OBJC_EXCEPTIONS = YES;
				GCC_OPTIMIZATION_LEVEL = 0;
				GCC_PREPROCESSOR_DEFINITIONS = (
					"DEBUG=1",
					"$(inherited)",
				);
				GCC_SYMBOLS_PRIVATE_EXTERN = NO;
				GCC_VERSION = com.apple.compilers.llvm.clang.1_0;
				GCC_WARN_64_TO_32_BIT_CONVERSION = YES;
				GCC_WARN_ABOUT_MISSING_PROTOTYPES = YES;
				GCC_WARN_ABOUT_RETURN_TYPE = YES;
				GCC_WARN_UNUSED_VARIABLE = YES;
				MACOSX_DEPLOYMENT_TARGET = 10.7;
				ONLY_ACTIVE_ARCH = YES;
				SDKROOT = macosx;
			};
			name = Debug;
		};
		EACA89D314A27B1700CC3F6B /* Release */ = {
			isa = XCBuildConfiguration;
			buildSettings = {
				ALWAYS_SEARCH_USER_PATHS = NO;
				ARCHS = "$(ARCHS_STANDARD_64_BIT)";
				CLANG_ENABLE_OBJC_ARC = YES;
				COPY_PHASE_STRIP = YES;
				DEBUG_INFORMATION_FORMAT = "dwarf-with-dsym";
				GCC_C_LANGUAGE_STANDARD = gnu99;
				GCC_ENABLE_OBJC_EXCEPTIONS = YES;
				GCC_VERSION = com.apple.compilers.llvm.clang.1_0;
				GCC_WARN_64_TO_32_BIT_CONVERSION = YES;
				GCC_WARN_ABOUT_MISSING_PROTOTYPES = YES;
				GCC_WARN_ABOUT_RETURN_TYPE = YES;
				GCC_WARN_UNUSED_VARIABLE = YES;
				MACOSX_DEPLOYMENT_TARGET = 10.7;
				SDKROOT = macosx;
			};
			name = Release;
		};
		EACA89D514A27B1700CC3F6B /* Debug */ = {
			isa = XCBuildConfiguration;
			buildSettings = {
				PRODUCT_NAME = "$(TARGET_NAME)";
			};
			name = Debug;
		};
		EACA89D614A27B1700CC3F6B /* Release */ = {
			isa = XCBuildConfiguration;
			buildSettings = {
				PRODUCT_NAME = "$(TARGET_NAME)";
			};
			name = Release;
		};
/* End XCBuildConfiguration section */

/* Begin XCConfigurationList section */
		EACA89C414A27B1700CC3F6B /* Build configuration list for PBXProject "Exercise4" */ = {
			isa = XCConfigurationList;
			buildConfigurations = (
				EACA89D214A27B1700CC3F6B /* Debug */,
				EACA89D314A27B1700CC3F6B /* Release */,
			);
			defaultConfigurationIsVisible = 0;
			defaultConfigurationName = Release;
		};
		EACA89D414A27B1700CC3F6B /* Build configuration list for PBXNativeTarget "Exercise4" */ = {
			isa = XCConfigurationList;
			buildConfigurations = (
				EACA89D514A27B1700CC3F6B /* Debug */,
				EACA89D614A27B1700CC3F6B /* Release */,
			);
			defaultConfigurationIsVisible = 0;
		};
/* End XCConfigurationList section */
	};
	rootObject = EACA89C114A27B1700CC3F6B /* Project object */;
}
