// !$*UTF8*$!
{
	archiveVersion = 1;
	classes = {
	};
	objectVersion = 46;
	objects = {

/* Begin PBXBuildFile section */
		EAF7B25314DF356A001EF0F8 /* main.cpp in Sources */ = {isa = PBXBuildFile; fileRef = EAF7B25214DF356A001EF0F8 /* main.cpp */; };
		EAF7B25514DF356A001EF0F8 /* Exercise_3_9.1 in CopyFiles */ = {isa = PBXBuildFile; fileRef = EAF7B25414DF356A001EF0F8 /* Exercise_3_9.1 */; };
/* End PBXBuildFile section */

/* Begin PBXCopyFilesBuildPhase section */
		EAF7B24C14DF356A001EF0F8 /* CopyFiles */ = {
			isa = PBXCopyFilesBuildPhase;
			buildActionMask = 2147483647;
			dstPath = /usr/share/man/man1/;
			dstSubfolderSpec = 0;
			files = (
				EAF7B25514DF356A001EF0F8 /* Exercise_3_9.1 in CopyFiles */,
			);
			runOnlyForDeploymentPostprocessing = 1;
		};
/* End PBXCopyFilesBuildPhase section */

/* Begin PBXFileReference section */
		EAF7B24E14DF356A001EF0F8 /* Exercise 3.9 */ = {isa = PBXFileReference; explicitFileType = "compiled.mach-o.executable"; includeInIndex = 0; path = "Exercise 3.9"; sourceTree = BUILT_PRODUCTS_DIR; };
		EAF7B25214DF356A001EF0F8 /* main.cpp */ = {isa = PBXFileReference; lastKnownFileType = sourcecode.cpp.cpp; path = main.cpp; sourceTree = "<group>"; };
		EAF7B25414DF356A001EF0F8 /* Exercise_3_9.1 */ = {isa = PBXFileReference; lastKnownFileType = text.man; path = Exercise_3_9.1; sourceTree = "<group>"; };
/* End PBXFileReference section */

/* Begin PBXFrameworksBuildPhase section */
		EAF7B24B14DF356A001EF0F8 /* Frameworks */ = {
			isa = PBXFrameworksBuildPhase;
			buildActionMask = 2147483647;
			files = (
			);
			runOnlyForDeploymentPostprocessing = 0;
		};
/* End PBXFrameworksBuildPhase section */

/* Begin PBXGroup section */
		EAF7B24314DF356A001EF0F8 = {
			isa = PBXGroup;
			children = (
				EAF7B25114DF356A001EF0F8 /* Exercise 3.9 */,
				EAF7B24F14DF356A001EF0F8 /* Products */,
			);
			sourceTree = "<group>";
		};
		EAF7B24F14DF356A001EF0F8 /* Products */ = {
			isa = PBXGroup;
			children = (
				EAF7B24E14DF356A001EF0F8 /* Exercise 3.9 */,
			);
			name = Products;
			sourceTree = "<group>";
		};
		EAF7B25114DF356A001EF0F8 /* Exercise 3.9 */ = {
			isa = PBXGroup;
			children = (
				EAF7B25214DF356A001EF0F8 /* main.cpp */,
				EAF7B25414DF356A001EF0F8 /* Exercise_3_9.1 */,
			);
			path = "Exercise 3.9";
			sourceTree = "<group>";
		};
/* End PBXGroup section */

/* Begin PBXNativeTarget section */
		EAF7B24D14DF356A001EF0F8 /* Exercise 3.9 */ = {
			isa = PBXNativeTarget;
			buildConfigurationList = EAF7B25814DF356A001EF0F8 /* Build configuration list for PBXNativeTarget "Exercise 3.9" */;
			buildPhases = (
				EAF7B24A14DF356A001EF0F8 /* Sources */,
				EAF7B24B14DF356A001EF0F8 /* Frameworks */,
				EAF7B24C14DF356A001EF0F8 /* CopyFiles */,
			);
			buildRules = (
			);
			dependencies = (
			);
			name = "Exercise 3.9";
			productName = "Exercise 3.9";
			productReference = EAF7B24E14DF356A001EF0F8 /* Exercise 3.9 */;
			productType = "com.apple.product-type.tool";
		};
/* End PBXNativeTarget section */

/* Begin PBXProject section */
		EAF7B24514DF356A001EF0F8 /* Project object */ = {
			isa = PBXProject;
			attributes = {
				LastUpgradeCheck = 0420;
			};
			buildConfigurationList = EAF7B24814DF356A001EF0F8 /* Build configuration list for PBXProject "Exercise 3.9" */;
			compatibilityVersion = "Xcode 3.2";
			developmentRegion = English;
			hasScannedForEncodings = 0;
			knownRegions = (
				en,
			);
			mainGroup = EAF7B24314DF356A001EF0F8;
			productRefGroup = EAF7B24F14DF356A001EF0F8 /* Products */;
			projectDirPath = "";
			projectRoot = "";
			targets = (
				EAF7B24D14DF356A001EF0F8 /* Exercise 3.9 */,
			);
		};
/* End PBXProject section */

/* Begin PBXSourcesBuildPhase section */
		EAF7B24A14DF356A001EF0F8 /* Sources */ = {
			isa = PBXSourcesBuildPhase;
			buildActionMask = 2147483647;
			files = (
				EAF7B25314DF356A001EF0F8 /* main.cpp in Sources */,
			);
			runOnlyForDeploymentPostprocessing = 0;
		};
/* End PBXSourcesBuildPhase section */

/* Begin XCBuildConfiguration section */
		EAF7B25614DF356A001EF0F8 /* Debug */ = {
			isa = XCBuildConfiguration;
			buildSettings = {
				ALWAYS_SEARCH_USER_PATHS = NO;
				ARCHS = "$(ARCHS_STANDARD_64_BIT)";
				CLANG_ENABLE_OBJC_ARC = YES;
				COPY_PHASE_STRIP = NO;
				GCC_C_LANGUAGE_STANDARD = gnu99;
				GCC_DYNAMIC_NO_PIC = NO;
				GCC_ENABLE_OBJC_EXCEPTIONS = YES;
				GCC_OPTIMIZATION_LEVEL = 0;
				GCC_PREPROCESSOR_DEFINITIONS = (
					"DEBUG=1",
					"$(inherited)",
				);
				GCC_SYMBOLS_PRIVATE_EXTERN = NO;
				GCC_VERSION = com.apple.compilers.llvm.clang.1_0;
				GCC_WARN_64_TO_32_BIT_CONVERSION = YES;
				GCC_WARN_ABOUT_MISSING_PROTOTYPES = YES;
				GCC_WARN_ABOUT_RETURN_TYPE = YES;
				GCC_WARN_UNUSED_VARIABLE = YES;
				MACOSX_DEPLOYMENT_TARGET = 10.7;
				ONLY_ACTIVE_ARCH = YES;
				SDKROOT = macosx;
			};
			name = Debug;
		};
		EAF7B25714DF356A001EF0F8 /* Release */ = {
			isa = XCBuildConfiguration;
			buildSettings = {
				ALWAYS_SEARCH_USER_PATHS = NO;
				ARCHS = "$(ARCHS_STANDARD_64_BIT)";
				CLANG_ENABLE_OBJC_ARC = YES;
				COPY_PHASE_STRIP = YES;
				DEBUG_INFORMATION_FORMAT = "dwarf-with-dsym";
				GCC_C_LANGUAGE_STANDARD = gnu99;
				GCC_ENABLE_OBJC_EXCEPTIONS = YES;
				GCC_VERSION = com.apple.compilers.llvm.clang.1_0;
				GCC_WARN_64_TO_32_BIT_CONVERSION = YES;
				GCC_WARN_ABOUT_MISSING_PROTOTYPES = YES;
				GCC_WARN_ABOUT_RETURN_TYPE = YES;
				GCC_WARN_UNUSED_VARIABLE = YES;
				MACOSX_DEPLOYMENT_TARGET = 10.7;
				SDKROOT = macosx;
			};
			name = Release;
		};
		EAF7B25914DF356A001EF0F8 /* Debug */ = {
			isa = XCBuildConfiguration;
			buildSettings = {
				PRODUCT_NAME = "$(TARGET_NAME)";
			};
			name = Debug;
		};
		EAF7B25A14DF356A001EF0F8 /* Release */ = {
			isa = XCBuildConfiguration;
			buildSettings = {
				PRODUCT_NAME = "$(TARGET_NAME)";
			};
			name = Release;
		};
/* End XCBuildConfiguration section */

/* Begin XCConfigurationList section */
		EAF7B24814DF356A001EF0F8 /* Build configuration list for PBXProject "Exercise 3.9" */ = {
			isa = XCConfigurationList;
			buildConfigurations = (
				EAF7B25614DF356A001EF0F8 /* Debug */,
				EAF7B25714DF356A001EF0F8 /* Release */,
			);
			defaultConfigurationIsVisible = 0;
			defaultConfigurationName = Release;
		};
		EAF7B25814DF356A001EF0F8 /* Build configuration list for PBXNativeTarget "Exercise 3.9" */ = {
			isa = XCConfigurationList;
			buildConfigurations = (
				EAF7B25914DF356A001EF0F8 /* Debug */,
				EAF7B25A14DF356A001EF0F8 /* Release */,
			);
			defaultConfigurationIsVisible = 0;
		};
/* End XCConfigurationList section */
	};
	rootObject = EAF7B24514DF356A001EF0F8 /* Project object */;
}
